// !$*UTF8*$!
{
	archiveVersion = 1;
	classes = {
	};
	objectVersion = 46;
	objects = {

/* Begin PBXBuildFile section */
		CE3B2DCD1E542E0F00845C2A /* CSVParseriOS.h in Headers */ = {isa = PBXBuildFile; fileRef = CE3B2DCB1E542E0F00845C2A /* CSVParseriOS.h */; settings = {ATTRIBUTES = (Public, ); }; };
		CEAC50361DB909E600056B40 /* CSVTest.swift in Sources */ = {isa = PBXBuildFile; fileRef = CEAC50341DB909E300056B40 /* CSVTest.swift */; };
		_LinkFileRef_CSVParser_via_CSVParserTests /* CSVParser.framework in Frameworks */ = {isa = PBXBuildFile; fileRef = "_____Product_CSVParser" /* CSVParser.framework */; };
		__src_cc_ref_Sources/CSVParser.swift /* CSVParser.swift in Sources */ = {isa = PBXBuildFile; fileRef = __PBXFileRef_Sources/CSVParser.swift /* CSVParser.swift */; };
		__src_cc_ref_Sources/Errors.swift /* Errors.swift in Sources */ = {isa = PBXBuildFile; fileRef = __PBXFileRef_Sources/Errors.swift /* Errors.swift */; };
		__src_cc_ref_Sources/FunctionalParse.swift /* FunctionalParse.swift in Sources */ = {isa = PBXBuildFile; fileRef = __PBXFileRef_Sources/FunctionalParse.swift /* FunctionalParse.swift */; };
		__src_cc_ref_Sources/Parser.swift /* Parser.swift in Sources */ = {isa = PBXBuildFile; fileRef = __PBXFileRef_Sources/Parser.swift /* Parser.swift */; };
		"__src_cc_ref_Sources/String+Extension.swift" /* String+Extension.swift in Sources */ = {isa = PBXBuildFile; fileRef = "__PBXFileRef_Sources/String+Extension.swift" /* String+Extension.swift */; };
		__src_cc_ref_Tests/CSVParserTests/CSVParserTests.swift /* CSVParserTests.swift in Sources */ = {isa = PBXBuildFile; fileRef = __PBXFileRef_Tests/CSVParserTests/CSVParserTests.swift /* CSVParserTests.swift */; };
/* End PBXBuildFile section */

/* Begin PBXContainerItemProxy section */
		CEAC50331DB909CE00056B40 /* PBXContainerItemProxy */ = {
			isa = PBXContainerItemProxy;
			containerPortal = __RootObject_ /* Project object */;
			proxyType = 1;
			remoteGlobalIDString = "______Target_CSVParser";
			remoteInfo = CSVParser;
		};
/* End PBXContainerItemProxy section */

/* Begin PBXFileReference section */
		CE3B2DC91E542E0F00845C2A /* CSVParseriOS.framework */ = {isa = PBXFileReference; explicitFileType = wrapper.framework; includeInIndex = 0; path = CSVParseriOS.framework; sourceTree = BUILT_PRODUCTS_DIR; };
		CE3B2DCB1E542E0F00845C2A /* CSVParseriOS.h */ = {isa = PBXFileReference; lastKnownFileType = sourcecode.c.h; path = CSVParseriOS.h; sourceTree = "<group>"; };
		CE3B2DCC1E542E0F00845C2A /* Info.plist */ = {isa = PBXFileReference; lastKnownFileType = text.plist.xml; path = Info.plist; sourceTree = "<group>"; };
		CEAC50341DB909E300056B40 /* CSVTest.swift */ = {isa = PBXFileReference; fileEncoding = 4; lastKnownFileType = sourcecode.swift; path = CSVTest.swift; sourceTree = "<group>"; };
		__PBXFileRef_CSVParser.xcodeproj/Configs/Project.xcconfig /* CSVParser.xcodeproj/Configs/Project.xcconfig */ = {isa = PBXFileReference; lastKnownFileType = text.xcconfig; path = CSVParser.xcodeproj/Configs/Project.xcconfig; sourceTree = "<group>"; };
		__PBXFileRef_Package.swift /* Package.swift */ = {isa = PBXFileReference; lastKnownFileType = sourcecode.swift; path = Package.swift; sourceTree = "<group>"; };
		__PBXFileRef_Sources/CSVParser.swift /* CSVParser.swift */ = {isa = PBXFileReference; lastKnownFileType = sourcecode.swift; path = CSVParser.swift; sourceTree = "<group>"; };
		__PBXFileRef_Sources/Errors.swift /* Errors.swift */ = {isa = PBXFileReference; lastKnownFileType = sourcecode.swift; path = Errors.swift; sourceTree = "<group>"; };
		__PBXFileRef_Sources/FunctionalParse.swift /* FunctionalParse.swift */ = {isa = PBXFileReference; lastKnownFileType = sourcecode.swift; path = FunctionalParse.swift; sourceTree = "<group>"; };
		__PBXFileRef_Sources/Parser.swift /* Parser.swift */ = {isa = PBXFileReference; lastKnownFileType = sourcecode.swift; path = Parser.swift; sourceTree = "<group>"; };
		"__PBXFileRef_Sources/String+Extension.swift" /* String+Extension.swift */ = {isa = PBXFileReference; lastKnownFileType = sourcecode.swift; path = "String+Extension.swift"; sourceTree = "<group>"; };
		__PBXFileRef_Tests/CSVParserTests/CSVParserTests.swift /* CSVParserTests.swift */ = {isa = PBXFileReference; lastKnownFileType = sourcecode.swift; path = CSVParserTests.swift; sourceTree = "<group>"; };
		"_____Product_CSVParser" /* CSVParser.framework */ = {isa = PBXFileReference; explicitFileType = wrapper.framework; path = CSVParser.framework; sourceTree = BUILT_PRODUCTS_DIR; };
		"_____Product_CSVParserTests" /* CSVParserTests.xctest */ = {isa = PBXFileReference; lastKnownFileType = file; path = CSVParserTests.xctest; sourceTree = BUILT_PRODUCTS_DIR; };
/* End PBXFileReference section */

/* Begin PBXFrameworksBuildPhase section */
		CE3B2DC51E542E0F00845C2A /* Frameworks */ = {
			isa = PBXFrameworksBuildPhase;
			buildActionMask = 2147483647;
			files = (
			);
			runOnlyForDeploymentPostprocessing = 0;
		};
		"___LinkPhase_CSVParser" /* Frameworks */ = {
			isa = PBXFrameworksBuildPhase;
			buildActionMask = 0;
			files = (
			);
			runOnlyForDeploymentPostprocessing = 0;
		};
		"___LinkPhase_CSVParserTests" /* Frameworks */ = {
			isa = PBXFrameworksBuildPhase;
			buildActionMask = 0;
			files = (
				_LinkFileRef_CSVParser_via_CSVParserTests /* CSVParser.framework in Frameworks */,
			);
			runOnlyForDeploymentPostprocessing = 0;
		};
/* End PBXFrameworksBuildPhase section */

/* Begin PBXGroup section */
		CE3B2DCA1E542E0F00845C2A /* CSVParseriOS */ = {
			isa = PBXGroup;
			children = (
				CE3B2DCB1E542E0F00845C2A /* CSVParseriOS.h */,
				CE3B2DCC1E542E0F00845C2A /* Info.plist */,
			);
			path = CSVParseriOS;
			sourceTree = "<group>";
		};
		TestProducts_ /* Tests */ = {
			isa = PBXGroup;
			children = (
				"_____Product_CSVParserTests" /* CSVParserTests.xctest */,
			);
			name = Tests;
			sourceTree = "<group>";
		};
		"___RootGroup_" = {
			isa = PBXGroup;
			children = (
				__PBXFileRef_Package.swift /* Package.swift */,
				"_____Configs_" /* Configs */,
				"_____Sources_" /* Sources */,
				"_______Tests_" /* Tests */,
				CE3B2DCA1E542E0F00845C2A /* CSVParseriOS */,
				"____Products_" /* Products */,
			);
			sourceTree = "<group>";
		};
		"____Products_" /* Products */ = {
			isa = PBXGroup;
			children = (
				TestProducts_ /* Tests */,
				"_____Product_CSVParser" /* CSVParser.framework */,
				CE3B2DC91E542E0F00845C2A /* CSVParseriOS.framework */,
			);
			name = Products;
			sourceTree = "<group>";
		};
		"_____Configs_" /* Configs */ = {
			isa = PBXGroup;
			children = (
				__PBXFileRef_CSVParser.xcodeproj/Configs/Project.xcconfig /* CSVParser.xcodeproj/Configs/Project.xcconfig */,
			);
			name = Configs;
			sourceTree = "<group>";
		};
		"_____Sources_" /* Sources */ = {
			isa = PBXGroup;
			children = (
				"_______Group_CSVParser" /* CSVParser */,
			);
			name = Sources;
			sourceTree = "<group>";
		};
		"_______Group_CSVParser" /* CSVParser */ = {
			isa = PBXGroup;
			children = (
				__PBXFileRef_Sources/CSVParser.swift /* CSVParser.swift */,
				__PBXFileRef_Sources/Errors.swift /* Errors.swift */,
				__PBXFileRef_Sources/FunctionalParse.swift /* FunctionalParse.swift */,
				__PBXFileRef_Sources/Parser.swift /* Parser.swift */,
				"__PBXFileRef_Sources/String+Extension.swift" /* String+Extension.swift */,
			);
			name = CSVParser;
			path = Sources;
			sourceTree = "<group>";
		};
		"_______Group_CSVParserTests" /* CSVParserTests */ = {
			isa = PBXGroup;
			children = (
				__PBXFileRef_Tests/CSVParserTests/CSVParserTests.swift /* CSVParserTests.swift */,
				CEAC50341DB909E300056B40 /* CSVTest.swift */,
			);
			name = CSVParserTests;
			path = Tests/CSVParserTests;
			sourceTree = "<group>";
		};
		"_______Tests_" /* Tests */ = {
			isa = PBXGroup;
			children = (
				"_______Group_CSVParserTests" /* CSVParserTests */,
			);
			name = Tests;
			sourceTree = "<group>";
		};
/* End PBXGroup section */

/* Begin PBXHeadersBuildPhase section */
		CE3B2DC61E542E0F00845C2A /* Headers */ = {
			isa = PBXHeadersBuildPhase;
			buildActionMask = 2147483647;
			files = (
				CE3B2DCD1E542E0F00845C2A /* CSVParseriOS.h in Headers */,
			);
			runOnlyForDeploymentPostprocessing = 0;
		};
/* End PBXHeadersBuildPhase section */

/* Begin PBXNativeTarget section */
		CE3B2DC81E542E0F00845C2A /* CSVParseriOS */ = {
			isa = PBXNativeTarget;
			buildConfigurationList = CE3B2DCE1E542E0F00845C2A /* Build configuration list for PBXNativeTarget "CSVParseriOS" */;
			buildPhases = (
				CE3B2DC41E542E0F00845C2A /* Sources */,
				CE3B2DC51E542E0F00845C2A /* Frameworks */,
				CE3B2DC61E542E0F00845C2A /* Headers */,
				CE3B2DC71E542E0F00845C2A /* Resources */,
			);
			buildRules = (
			);
			dependencies = (
			);
			name = CSVParseriOS;
			productName = CSVParseriOS;
			productReference = CE3B2DC91E542E0F00845C2A /* CSVParseriOS.framework */;
			productType = "com.apple.product-type.framework";
		};
		"______Target_CSVParser" /* CSVParser */ = {
			isa = PBXNativeTarget;
			buildConfigurationList = "_______Confs_CSVParser" /* Build configuration list for PBXNativeTarget "CSVParser" */;
			buildPhases = (
				CompilePhase_CSVParser /* Sources */,
				"___LinkPhase_CSVParser" /* Frameworks */,
			);
			buildRules = (
			);
			dependencies = (
			);
			name = CSVParser;
			productName = CSVParser;
			productReference = "_____Product_CSVParser" /* CSVParser.framework */;
			productType = "com.apple.product-type.framework";
		};
		"______Target_CSVParserTests" /* CSVParserTests */ = {
			isa = PBXNativeTarget;
			buildConfigurationList = "_______Confs_CSVParserTests" /* Build configuration list for PBXNativeTarget "CSVParserTests" */;
			buildPhases = (
				CompilePhase_CSVParserTests /* Sources */,
				"___LinkPhase_CSVParserTests" /* Frameworks */,
			);
			buildRules = (
			);
			dependencies = (
				__Dependency_CSVParser /* PBXTargetDependency */,
			);
			name = CSVParserTests;
			productName = CSVParserTests;
			productReference = "_____Product_CSVParserTests" /* CSVParserTests.xctest */;
			productType = "com.apple.product-type.bundle.unit-test";
		};
/* End PBXNativeTarget section */

/* Begin PBXProject section */
		__RootObject_ /* Project object */ = {
			isa = PBXProject;
			attributes = {
				LastUpgradeCheck = 9999;
				TargetAttributes = {
					CE3B2DC81E542E0F00845C2A = {
						CreatedOnToolsVersion = 8.2.1;
						DevelopmentTeam = WLUW25LQLS;
						ProvisioningStyle = Automatic;
					};
				};
			};
			buildConfigurationList = "___RootConfs_" /* Build configuration list for PBXProject "CSVParser" */;
			compatibilityVersion = "Xcode 3.2";
			developmentRegion = English;
			hasScannedForEncodings = 0;
			knownRegions = (
				en,
			);
			mainGroup = "___RootGroup_";
			productRefGroup = "____Products_" /* Products */;
			projectDirPath = "";
			projectRoot = "";
			targets = (
				"______Target_CSVParser" /* CSVParser */,
				"______Target_CSVParserTests" /* CSVParserTests */,
				CE3B2DC81E542E0F00845C2A /* CSVParseriOS */,
			);
		};
/* End PBXProject section */

/* Begin PBXResourcesBuildPhase section */
		CE3B2DC71E542E0F00845C2A /* Resources */ = {
			isa = PBXResourcesBuildPhase;
			buildActionMask = 2147483647;
			files = (
			);
			runOnlyForDeploymentPostprocessing = 0;
		};
/* End PBXResourcesBuildPhase section */

/* Begin PBXSourcesBuildPhase section */
		CE3B2DC41E542E0F00845C2A /* Sources */ = {
			isa = PBXSourcesBuildPhase;
			buildActionMask = 2147483647;
			files = (
			);
			runOnlyForDeploymentPostprocessing = 0;
		};
		CompilePhase_CSVParser /* Sources */ = {
			isa = PBXSourcesBuildPhase;
			buildActionMask = 0;
			files = (
				__src_cc_ref_Sources/CSVParser.swift /* CSVParser.swift in Sources */,
				__src_cc_ref_Sources/Errors.swift /* Errors.swift in Sources */,
				__src_cc_ref_Sources/FunctionalParse.swift /* FunctionalParse.swift in Sources */,
				__src_cc_ref_Sources/Parser.swift /* Parser.swift in Sources */,
				"__src_cc_ref_Sources/String+Extension.swift" /* String+Extension.swift in Sources */,
			);
			runOnlyForDeploymentPostprocessing = 0;
		};
		CompilePhase_CSVParserTests /* Sources */ = {
			isa = PBXSourcesBuildPhase;
			buildActionMask = 0;
			files = (
				CEAC50361DB909E600056B40 /* CSVTest.swift in Sources */,
				__src_cc_ref_Tests/CSVParserTests/CSVParserTests.swift /* CSVParserTests.swift in Sources */,
			);
			runOnlyForDeploymentPostprocessing = 0;
		};
/* End PBXSourcesBuildPhase section */

/* Begin PBXTargetDependency section */
		__Dependency_CSVParser /* PBXTargetDependency */ = {
			isa = PBXTargetDependency;
			target = "______Target_CSVParser" /* CSVParser */;
			targetProxy = CEAC50331DB909CE00056B40 /* PBXContainerItemProxy */;
		};
/* End PBXTargetDependency section */

/* Begin XCBuildConfiguration section */
		CE3B2DCF1E542E0F00845C2A /* Debug */ = {
			isa = XCBuildConfiguration;
			buildSettings = {
				ALWAYS_SEARCH_USER_PATHS = NO;
				CLANG_ANALYZER_NONNULL = YES;
				CLANG_CXX_LANGUAGE_STANDARD = "gnu++0x";
				CLANG_CXX_LIBRARY = "libc++";
				CLANG_ENABLE_MODULES = YES;
				CLANG_ENABLE_OBJC_ARC = YES;
				CLANG_WARN_BOOL_CONVERSION = YES;
				CLANG_WARN_CONSTANT_CONVERSION = YES;
				CLANG_WARN_DIRECT_OBJC_ISA_USAGE = YES_ERROR;
				CLANG_WARN_DOCUMENTATION_COMMENTS = YES;
				CLANG_WARN_EMPTY_BODY = YES;
				CLANG_WARN_ENUM_CONVERSION = YES;
				CLANG_WARN_INFINITE_RECURSION = YES;
				CLANG_WARN_INT_CONVERSION = YES;
				CLANG_WARN_OBJC_ROOT_CLASS = YES_ERROR;
				CLANG_WARN_SUSPICIOUS_MOVE = YES;
				CLANG_WARN_UNREACHABLE_CODE = YES;
				CLANG_WARN__DUPLICATE_METHOD_MATCH = YES;
				CODE_SIGN_IDENTITY = "";
				"CODE_SIGN_IDENTITY[sdk=iphoneos*]" = "iPhone Developer";
				COPY_PHASE_STRIP = NO;
				CURRENT_PROJECT_VERSION = 1;
				DEBUG_INFORMATION_FORMAT = dwarf;
				DEFINES_MODULE = YES;
				DEVELOPMENT_TEAM = WLUW25LQLS;
				DYLIB_COMPATIBILITY_VERSION = 1;
				DYLIB_CURRENT_VERSION = 1;
				DYLIB_INSTALL_NAME_BASE = "@rpath";
				ENABLE_STRICT_OBJC_MSGSEND = YES;
				ENABLE_TESTABILITY = YES;
				GCC_C_LANGUAGE_STANDARD = gnu99;
				GCC_DYNAMIC_NO_PIC = NO;
				GCC_NO_COMMON_BLOCKS = YES;
				GCC_OPTIMIZATION_LEVEL = 0;
				GCC_PREPROCESSOR_DEFINITIONS = (
					"DEBUG=1",
					"$(inherited)",
				);
				GCC_WARN_64_TO_32_BIT_CONVERSION = YES;
				GCC_WARN_ABOUT_RETURN_TYPE = YES_ERROR;
				GCC_WARN_UNDECLARED_SELECTOR = YES;
				GCC_WARN_UNINITIALIZED_AUTOS = YES_AGGRESSIVE;
				GCC_WARN_UNUSED_FUNCTION = YES;
				GCC_WARN_UNUSED_VARIABLE = YES;
				INFOPLIST_FILE = CSVParseriOS/Info.plist;
				INSTALL_PATH = "$(LOCAL_LIBRARY_DIR)/Frameworks";
				IPHONEOS_DEPLOYMENT_TARGET = 8.0;
				LD_RUNPATH_SEARCH_PATHS = "$(inherited) @executable_path/Frameworks @loader_path/Frameworks";
				MTL_ENABLE_DEBUG_INFO = YES;
				ONLY_ACTIVE_ARCH = YES;
				PRODUCT_BUNDLE_IDENTIFIER = com.nero.CSVParseriOS;
				PRODUCT_NAME = "$(TARGET_NAME)";
				SDKROOT = iphoneos;
				SKIP_INSTALL = YES;
				SWIFT_ACTIVE_COMPILATION_CONDITIONS = DEBUG;
				SWIFT_OPTIMIZATION_LEVEL = "-Onone";
				SWIFT_VERSION = 3.0;
				TARGETED_DEVICE_FAMILY = "1,2";
				VERSIONING_SYSTEM = "apple-generic";
				VERSION_INFO_PREFIX = "";
			};
			name = Debug;
		};
		CE3B2DD01E542E0F00845C2A /* Release */ = {
			isa = XCBuildConfiguration;
			buildSettings = {
				ALWAYS_SEARCH_USER_PATHS = NO;
				CLANG_ANALYZER_NONNULL = YES;
				CLANG_CXX_LANGUAGE_STANDARD = "gnu++0x";
				CLANG_CXX_LIBRARY = "libc++";
				CLANG_ENABLE_MODULES = YES;
				CLANG_ENABLE_OBJC_ARC = YES;
				CLANG_WARN_BOOL_CONVERSION = YES;
				CLANG_WARN_CONSTANT_CONVERSION = YES;
				CLANG_WARN_DIRECT_OBJC_ISA_USAGE = YES_ERROR;
				CLANG_WARN_DOCUMENTATION_COMMENTS = YES;
				CLANG_WARN_EMPTY_BODY = YES;
				CLANG_WARN_ENUM_CONVERSION = YES;
				CLANG_WARN_INFINITE_RECURSION = YES;
				CLANG_WARN_INT_CONVERSION = YES;
				CLANG_WARN_OBJC_ROOT_CLASS = YES_ERROR;
				CLANG_WARN_SUSPICIOUS_MOVE = YES;
				CLANG_WARN_UNREACHABLE_CODE = YES;
				CLANG_WARN__DUPLICATE_METHOD_MATCH = YES;
				CODE_SIGN_IDENTITY = "";
				"CODE_SIGN_IDENTITY[sdk=iphoneos*]" = "iPhone Developer";
				COPY_PHASE_STRIP = NO;
				CURRENT_PROJECT_VERSION = 1;
				DEBUG_INFORMATION_FORMAT = "dwarf-with-dsym";
				DEFINES_MODULE = YES;
				DEVELOPMENT_TEAM = WLUW25LQLS;
				DYLIB_COMPATIBILITY_VERSION = 1;
				DYLIB_CURRENT_VERSION = 1;
				DYLIB_INSTALL_NAME_BASE = "@rpath";
				ENABLE_NS_ASSERTIONS = NO;
				ENABLE_STRICT_OBJC_MSGSEND = YES;
				GCC_C_LANGUAGE_STANDARD = gnu99;
				GCC_NO_COMMON_BLOCKS = YES;
				GCC_WARN_64_TO_32_BIT_CONVERSION = YES;
				GCC_WARN_ABOUT_RETURN_TYPE = YES_ERROR;
				GCC_WARN_UNDECLARED_SELECTOR = YES;
				GCC_WARN_UNINITIALIZED_AUTOS = YES_AGGRESSIVE;
				GCC_WARN_UNUSED_FUNCTION = YES;
				GCC_WARN_UNUSED_VARIABLE = YES;
				INFOPLIST_FILE = CSVParseriOS/Info.plist;
				INSTALL_PATH = "$(LOCAL_LIBRARY_DIR)/Frameworks";
				IPHONEOS_DEPLOYMENT_TARGET = 8.0;
				LD_RUNPATH_SEARCH_PATHS = "$(inherited) @executable_path/Frameworks @loader_path/Frameworks";
				MTL_ENABLE_DEBUG_INFO = NO;
				PRODUCT_BUNDLE_IDENTIFIER = com.nero.CSVParseriOS;
				PRODUCT_NAME = "$(TARGET_NAME)";
				SDKROOT = iphoneos;
				SKIP_INSTALL = YES;
				SWIFT_OPTIMIZATION_LEVEL = "-Owholemodule";
				SWIFT_VERSION = 3.0;
				TARGETED_DEVICE_FAMILY = "1,2";
				VALIDATE_PRODUCT = YES;
				VERSIONING_SYSTEM = "apple-generic";
				VERSION_INFO_PREFIX = "";
			};
			name = Release;
		};
		_ReleaseConf_CSVParser /* Release */ = {
			isa = XCBuildConfiguration;
			buildSettings = {
				ENABLE_TESTABILITY = YES;
				FRAMEWORK_SEARCH_PATHS = "$(PLATFORM_DIR)/Developer/Library/Frameworks";
				INFOPLIST_FILE = CSVParser.xcodeproj/CSVParser_Info.plist;
				LD_RUNPATH_SEARCH_PATHS = "$(TOOLCHAIN_DIR)/usr/lib/swift/macosx";
				OTHER_LDFLAGS = "$(inherited)";
				OTHER_SWIFT_FLAGS = "$(inherited)";
				PRODUCT_BUNDLE_IDENTIFIER = CSVParser;
				PRODUCT_MODULE_NAME = "$(TARGET_NAME:c99extidentifier)";
				PRODUCT_NAME = "$(TARGET_NAME:c99extidentifier)";
				SWIFT_VERSION = 3.0;
			};
			name = Release;
		};
		_ReleaseConf_CSVParserTests /* Release */ = {
			isa = XCBuildConfiguration;
			buildSettings = {
				EMBEDDED_CONTENT_CONTAINS_SWIFT = YES;
				FRAMEWORK_SEARCH_PATHS = "$(PLATFORM_DIR)/Developer/Library/Frameworks";
				INFOPLIST_FILE = CSVParser.xcodeproj/CSVParserTests_Info.plist;
				LD_RUNPATH_SEARCH_PATHS = "@loader_path/../Frameworks";
				OTHER_LDFLAGS = "$(inherited)";
				OTHER_SWIFT_FLAGS = "$(inherited)";
				SWIFT_VERSION = 3.0;
			};
			name = Release;
		};
		"___DebugConf_CSVParser" /* Debug */ = {
			isa = XCBuildConfiguration;
			buildSettings = {
				ENABLE_TESTABILITY = YES;
				FRAMEWORK_SEARCH_PATHS = "$(PLATFORM_DIR)/Developer/Library/Frameworks";
				INFOPLIST_FILE = CSVParser.xcodeproj/CSVParser_Info.plist;
				LD_RUNPATH_SEARCH_PATHS = "$(TOOLCHAIN_DIR)/usr/lib/swift/macosx";
				OTHER_LDFLAGS = "$(inherited)";
				OTHER_SWIFT_FLAGS = "$(inherited)";
				PRODUCT_BUNDLE_IDENTIFIER = CSVParser;
				PRODUCT_MODULE_NAME = "$(TARGET_NAME:c99extidentifier)";
				PRODUCT_NAME = "$(TARGET_NAME:c99extidentifier)";
				SWIFT_OPTIMIZATION_LEVEL = "-Onone";
				SWIFT_VERSION = 3.0;
			};
			name = Debug;
		};
		"___DebugConf_CSVParserTests" /* Debug */ = {
			isa = XCBuildConfiguration;
			buildSettings = {
				EMBEDDED_CONTENT_CONTAINS_SWIFT = YES;
				FRAMEWORK_SEARCH_PATHS = "$(PLATFORM_DIR)/Developer/Library/Frameworks";
				INFOPLIST_FILE = CSVParser.xcodeproj/CSVParserTests_Info.plist;
				LD_RUNPATH_SEARCH_PATHS = "@loader_path/../Frameworks";
				OTHER_LDFLAGS = "$(inherited)";
				OTHER_SWIFT_FLAGS = "$(inherited)";
				SWIFT_OPTIMIZATION_LEVEL = "-Onone";
				SWIFT_VERSION = 3.0;
			};
			name = Debug;
		};
		"_____Release_" /* Release */ = {
			isa = XCBuildConfiguration;
			baseConfigurationReference = __PBXFileRef_CSVParser.xcodeproj/Configs/Project.xcconfig /* CSVParser.xcodeproj/Configs/Project.xcconfig */;
			buildSettings = {
				IPHONEOS_DEPLOYMENT_TARGET = 8.0;
				MACOSX_DEPLOYMENT_TARGET = 10.10;
			};
			name = Release;
		};
		"_______Debug_" /* Debug */ = {
			isa = XCBuildConfiguration;
			baseConfigurationReference = __PBXFileRef_CSVParser.xcodeproj/Configs/Project.xcconfig /* CSVParser.xcodeproj/Configs/Project.xcconfig */;
			buildSettings = {
				IPHONEOS_DEPLOYMENT_TARGET = 8.0;
				MACOSX_DEPLOYMENT_TARGET = 10.10;
			};
			name = Debug;
		};
/* End XCBuildConfiguration section */

/* Begin XCConfigurationList section */
		CE3B2DCE1E542E0F00845C2A /* Build configuration list for PBXNativeTarget "CSVParseriOS" */ = {
			isa = XCConfigurationList;
			buildConfigurations = (
				CE3B2DCF1E542E0F00845C2A /* Debug */,
				CE3B2DD01E542E0F00845C2A /* Release */,
			);
			defaultConfigurationIsVisible = 0;
			defaultConfigurationName = Debug;
		};
		"___RootConfs_" /* Build configuration list for PBXProject "CSVParser" */ = {
			isa = XCConfigurationList;
			buildConfigurations = (
				"_______Debug_" /* Debug */,
				"_____Release_" /* Release */,
			);
			defaultConfigurationIsVisible = 0;
			defaultConfigurationName = Debug;
		};
		"_______Confs_CSVParser" /* Build configuration list for PBXNativeTarget "CSVParser" */ = {
			isa = XCConfigurationList;
			buildConfigurations = (
				"___DebugConf_CSVParser" /* Debug */,
				_ReleaseConf_CSVParser /* Release */,
			);
			defaultConfigurationIsVisible = 0;
			defaultConfigurationName = Debug;
		};
		"_______Confs_CSVParserTests" /* Build configuration list for PBXNativeTarget "CSVParserTests" */ = {
			isa = XCConfigurationList;
			buildConfigurations = (
				"___DebugConf_CSVParserTests" /* Debug */,
				_ReleaseConf_CSVParserTests /* Release */,
			);
			defaultConfigurationIsVisible = 0;
			defaultConfigurationName = Debug;
		};
/* End XCConfigurationList section */
	};
	rootObject = __RootObject_ /* Project object */;
}
